<?xml version="1.0" encoding="utf-8"?>
<Project ToolsVersion="4.0" xmlns="http://schemas.microsoft.com/developer/msbuild/2003">
  <ItemGroup>
    <Filter Include="Исходные файлы">
      <UniqueIdentifier>{4FC737F1-C7A5-4376-A066-2A32D752A2FF}</UniqueIdentifier>
      <Extensions>cpp;c;cc;cxx;c++;cppm;ixx;def;odl;idl;hpj;bat;asm;asmx</Extensions>
    </Filter>
    <Filter Include="Файлы заголовков">
      <UniqueIdentifier>{93995380-89BD-4b04-88EB-625FBE52EBFB}</UniqueIdentifier>
      <Extensions>h;hh;hpp;hxx;h++;hm;inl;inc;ipp;xsd</Extensions>
    </Filter>
    <Filter Include="Файлы ресурсов">
      <UniqueIdentifier>{67DA6AB6-F800-4c08-8B7A-83BB121AAD01}</UniqueIdentifier>
      <Extensions>rc;ico;cur;bmp;dlg;rc2;rct;bin;rgs;gif;jpg;jpeg;jpe;resx;tiff;tif;png;wav;mfcribbon-ms</Extensions>
    </Filter>
  </ItemGroup>
  <ItemGroup>
    <ClInclude Include="framework.h">
      <Filter>Файлы заголовков</Filter>
    </ClInclude>
    <ClInclude Include="pch.h">
      <Filter>Файлы заголовков</Filter>
    </ClInclude>
    <ClInclude Include="ChatImGui.h">
      <Filter>Файлы заголовков</Filter>
    </ClInclude>
    <ClInclude Include="libs\imgui\imconfig.h">
      <Filter>Файлы заголовков</Filter>
    </ClInclude>
    <ClInclude Include="libs\imgui\imgui.h">
      <Filter>Файлы заголовков</Filter>
    </ClInclude>
    <ClInclude Include="libs\imgui\imgui_impl_dx9.h">
      <Filter>Файлы заголовков</Filter>
    </ClInclude>
    <ClInclude Include="libs\imgui\imgui_impl_win32.h">
      <Filter>Файлы заголовков</Filter>
    </ClInclude>
    <ClInclude Include="libs\imgui\imgui_internal.h">
      <Filter>Файлы заголовков</Filter>
    </ClInclude>
    <ClInclude Include="libs\imgui\imstb_rectpack.h">
      <Filter>Файлы заголовков</Filter>
    </ClInclude>
    <ClInclude Include="libs\imgui\imstb_textedit.h">
      <Filter>Файлы заголовков</Filter>
    </ClInclude>
    <ClInclude Include="libs\imgui\imstb_truetype.h">
      <Filter>Файлы заголовков</Filter>
    </ClInclude>
    <ClInclude Include="snippets.hpp">
      <Filter>Файлы заголовков</Filter>
    </ClInclude>
    <ClInclude Include="libs\kthook\ktsignal\ktsignal.hpp">
      <Filter>Файлы заголовков</Filter>
    </ClInclude>
    <ClInclude Include="libs\kthook\x64\kthook_detail.hpp">
      <Filter>Файлы заголовков</Filter>
    </ClInclude>
    <ClInclude Include="libs\kthook\x64\kthook_impl.hpp">
      <Filter>Файлы заголовков</Filter>
    </ClInclude>
    <ClInclude Include="libs\kthook\x86\kthook_detail.hpp">
      <Filter>Файлы заголовков</Filter>
    </ClInclude>
    <ClInclude Include="libs\kthook\x86\kthook_impl.hpp">
      <Filter>Файлы заголовков</Filter>
    </ClInclude>
    <ClInclude Include="libs\kthook\x86_64\kthook_x86_64_detail.hpp">
      <Filter>Файлы заголовков</Filter>
    </ClInclude>
    <ClInclude Include="libs\kthook\kthook.hpp">
      <Filter>Файлы заголовков</Filter>
    </ClInclude>
    <ClInclude Include="libs\hde\hde32.h">
      <Filter>Файлы заголовков</Filter>
    </ClInclude>
    <ClInclude Include="libs\hde\hde64.h">
      <Filter>Файлы заголовков</Filter>
    </ClInclude>
    <ClInclude Include="libs\hde\table32.h">
      <Filter>Файлы заголовков</Filter>
    </ClInclude>
    <ClInclude Include="libs\hde\table64.h">
      <Filter>Файлы заголовков</Filter>
    </ClInclude>
    <ClInclude Include="libs\imgui\misc\freetype\config\ftconfig.h">
      <Filter>Файлы заголовков</Filter>
    </ClInclude>
    <ClInclude Include="libs\imgui\misc\freetype\config\ftheader.h">
      <Filter>Файлы заголовков</Filter>
    </ClInclude>
    <ClInclude Include="libs\imgui\misc\freetype\config\ftmodule.h">
      <Filter>Файлы заголовков</Filter>
    </ClInclude>
    <ClInclude Include="libs\imgui\misc\freetype\config\ftoption.h">
      <Filter>Файлы заголовков</Filter>
    </ClInclude>
    <ClInclude Include="libs\imgui\misc\freetype\config\ftstdlib.h">
      <Filter>Файлы заголовков</Filter>
    </ClInclude>
    <ClInclude Include="libs\imgui\misc\freetype\config\integer-types.h">
      <Filter>Файлы заголовков</Filter>
    </ClInclude>
    <ClInclude Include="libs\imgui\misc\freetype\config\mac-support.h">
      <Filter>Файлы заголовков</Filter>
    </ClInclude>
    <ClInclude Include="libs\imgui\misc\freetype\config\public-macros.h">
      <Filter>Файлы заголовков</Filter>
    </ClInclude>
    <ClInclude Include="libs\imgui\misc\freetype\internal\services\svbdf.h">
      <Filter>Файлы заголовков</Filter>
    </ClInclude>
    <ClInclude Include="libs\imgui\misc\freetype\internal\services\svcfftl.h">
      <Filter>Файлы заголовков</Filter>
    </ClInclude>
    <ClInclude Include="libs\imgui\misc\freetype\internal\services\svcid.h">
      <Filter>Файлы заголовков</Filter>
    </ClInclude>
    <ClInclude Include="libs\imgui\misc\freetype\internal\services\svfntfmt.h">
      <Filter>Файлы заголовков</Filter>
    </ClInclude>
    <ClInclude Include="libs\imgui\misc\freetype\internal\services\svgldict.h">
      <Filter>Файлы заголовков</Filter>
    </ClInclude>
    <ClInclude Include="libs\imgui\misc\freetype\internal\services\svgxval.h">
      <Filter>Файлы заголовков</Filter>
    </ClInclude>
    <ClInclude Include="libs\imgui\misc\freetype\internal\services\svkern.h">
      <Filter>Файлы заголовков</Filter>
    </ClInclude>
    <ClInclude Include="libs\imgui\misc\freetype\internal\services\svmetric.h">
      <Filter>Файлы заголовков</Filter>
    </ClInclude>
    <ClInclude Include="libs\imgui\misc\freetype\internal\services\svmm.h">
      <Filter>Файлы заголовков</Filter>
    </ClInclude>
    <ClInclude Include="libs\imgui\misc\freetype\internal\services\svotval.h">
      <Filter>Файлы заголовков</Filter>
    </ClInclude>
    <ClInclude Include="libs\imgui\misc\freetype\internal\services\svpfr.h">
      <Filter>Файлы заголовков</Filter>
    </ClInclude>
    <ClInclude Include="libs\imgui\misc\freetype\internal\services\svpostnm.h">
      <Filter>Файлы заголовков</Filter>
    </ClInclude>
    <ClInclude Include="libs\imgui\misc\freetype\internal\services\svprop.h">
      <Filter>Файлы заголовков</Filter>
    </ClInclude>
    <ClInclude Include="libs\imgui\misc\freetype\internal\services\svpscmap.h">
      <Filter>Файлы заголовков</Filter>
    </ClInclude>
    <ClInclude Include="libs\imgui\misc\freetype\internal\services\svpsinfo.h">
      <Filter>Файлы заголовков</Filter>
    </ClInclude>
    <ClInclude Include="libs\imgui\misc\freetype\internal\services\svsfnt.h">
      <Filter>Файлы заголовков</Filter>
    </ClInclude>
    <ClInclude Include="libs\imgui\misc\freetype\internal\services\svttcmap.h">
      <Filter>Файлы заголовков</Filter>
    </ClInclude>
    <ClInclude Include="libs\imgui\misc\freetype\internal\services\svtteng.h">
      <Filter>Файлы заголовков</Filter>
    </ClInclude>
    <ClInclude Include="libs\imgui\misc\freetype\internal\services\svttglyf.h">
      <Filter>Файлы заголовков</Filter>
    </ClInclude>
    <ClInclude Include="libs\imgui\misc\freetype\internal\services\svwinfnt.h">
      <Filter>Файлы заголовков</Filter>
    </ClInclude>
    <ClInclude Include="libs\imgui\misc\freetype\internal\autohint.h">
      <Filter>Файлы заголовков</Filter>
    </ClInclude>
    <ClInclude Include="libs\imgui\misc\freetype\internal\cffotypes.h">
      <Filter>Файлы заголовков</Filter>
    </ClInclude>
    <ClInclude Include="libs\imgui\misc\freetype\internal\cfftypes.h">
      <Filter>Файлы заголовков</Filter>
    </ClInclude>
    <ClInclude Include="libs\imgui\misc\freetype\internal\compiler-macros.h">
      <Filter>Файлы заголовков</Filter>
    </ClInclude>
    <ClInclude Include="libs\imgui\misc\freetype\internal\ftcalc.h">
      <Filter>Файлы заголовков</Filter>
    </ClInclude>
    <ClInclude Include="libs\imgui\misc\freetype\internal\ftdebug.h">
      <Filter>Файлы заголовков</Filter>
    </ClInclude>
    <ClInclude Include="libs\imgui\misc\freetype\internal\ftdrv.h">
      <Filter>Файлы заголовков</Filter>
    </ClInclude>
    <ClInclude Include="libs\imgui\misc\freetype\internal\ftgloadr.h">
      <Filter>Файлы заголовков</Filter>
    </ClInclude>
    <ClInclude Include="libs\imgui\misc\freetype\internal\fthash.h">
      <Filter>Файлы заголовков</Filter>
    </ClInclude>
    <ClInclude Include="libs\imgui\misc\freetype\internal\ftmemory.h">
      <Filter>Файлы заголовков</Filter>
    </ClInclude>
    <ClInclude Include="libs\imgui\misc\freetype\internal\ftmmtypes.h">
      <Filter>Файлы заголовков</Filter>
    </ClInclude>
    <ClInclude Include="libs\imgui\misc\freetype\internal\ftobjs.h">
      <Filter>Файлы заголовков</Filter>
    </ClInclude>
    <ClInclude Include="libs\imgui\misc\freetype\internal\ftpsprop.h">
      <Filter>Файлы заголовков</Filter>
    </ClInclude>
    <ClInclude Include="libs\imgui\misc\freetype\internal\ftrfork.h">
      <Filter>Файлы заголовков</Filter>
    </ClInclude>
    <ClInclude Include="libs\imgui\misc\freetype\internal\ftserv.h">
      <Filter>Файлы заголовков</Filter>
    </ClInclude>
    <ClInclude Include="libs\imgui\misc\freetype\internal\ftstream.h">
      <Filter>Файлы заголовков</Filter>
    </ClInclude>
    <ClInclude Include="libs\imgui\misc\freetype\internal\fttrace.h">
      <Filter>Файлы заголовков</Filter>
    </ClInclude>
    <ClInclude Include="libs\imgui\misc\freetype\internal\ftvalid.h">
      <Filter>Файлы заголовков</Filter>
    </ClInclude>
    <ClInclude Include="libs\imgui\misc\freetype\internal\psaux.h">
      <Filter>Файлы заголовков</Filter>
    </ClInclude>
    <ClInclude Include="libs\imgui\misc\freetype\internal\pshints.h">
      <Filter>Файлы заголовков</Filter>
    </ClInclude>
    <ClInclude Include="libs\imgui\misc\freetype\internal\sfnt.h">
      <Filter>Файлы заголовков</Filter>
    </ClInclude>
    <ClInclude Include="libs\imgui\misc\freetype\internal\svginterface.h">
      <Filter>Файлы заголовков</Filter>
    </ClInclude>
    <ClInclude Include="libs\imgui\misc\freetype\internal\t1types.h">
      <Filter>Файлы заголовков</Filter>
    </ClInclude>
    <ClInclude Include="libs\imgui\misc\freetype\internal\tttypes.h">
      <Filter>Файлы заголовков</Filter>
    </ClInclude>
    <ClInclude Include="libs\imgui\misc\freetype\internal\wofftypes.h">
      <Filter>Файлы заголовков</Filter>
    </ClInclude>
    <ClInclude Include="libs\imgui\misc\ft2build.h">
      <Filter>Файлы заголовков</Filter>
    </ClInclude>
    <ClInclude Include="libs\imgui\misc\freetype\imgui_freetype.h">
      <Filter>Файлы заголовков</Filter>
    </ClInclude>
    <ClInclude Include="libs\imgui\misc\freetype\freetype.h">
      <Filter>Файлы заголовков</Filter>
    </ClInclude>
    <ClInclude Include="libs\imgui\misc\freetype\ftadvanc.h">
      <Filter>Файлы заголовков</Filter>
    </ClInclude>
    <ClInclude Include="libs\imgui\misc\freetype\ftbbox.h">
      <Filter>Файлы заголовков</Filter>
    </ClInclude>
    <ClInclude Include="libs\imgui\misc\freetype\ftbdf.h">
      <Filter>Файлы заголовков</Filter>
    </ClInclude>
    <ClInclude Include="libs\imgui\misc\freetype\ftbitmap.h">
      <Filter>Файлы заголовков</Filter>
    </ClInclude>
    <ClInclude Include="libs\imgui\misc\freetype\ftbzip2.h">
      <Filter>Файлы заголовков</Filter>
    </ClInclude>
    <ClInclude Include="libs\imgui\misc\freetype\ftcache.h">
      <Filter>Файлы заголовков</Filter>
    </ClInclude>
    <ClInclude Include="libs\imgui\misc\freetype\ftchapters.h">
      <Filter>Файлы заголовков</Filter>
    </ClInclude>
    <ClInclude Include="libs\imgui\misc\freetype\ftcid.h">
      <Filter>Файлы заголовков</Filter>
    </ClInclude>
    <ClInclude Include="libs\imgui\misc\freetype\ftcolor.h">
      <Filter>Файлы заголовков</Filter>
    </ClInclude>
    <ClInclude Include="libs\imgui\misc\freetype\ftdriver.h">
      <Filter>Файлы заголовков</Filter>
    </ClInclude>
    <ClInclude Include="libs\imgui\misc\freetype\fterrdef.h">
      <Filter>Файлы заголовков</Filter>
    </ClInclude>
    <ClInclude Include="libs\imgui\misc\freetype\fterrors.h">
      <Filter>Файлы заголовков</Filter>
    </ClInclude>
    <ClInclude Include="libs\imgui\misc\freetype\ftfntfmt.h">
      <Filter>Файлы заголовков</Filter>
    </ClInclude>
    <ClInclude Include="libs\imgui\misc\freetype\ftgasp.h">
      <Filter>Файлы заголовков</Filter>
    </ClInclude>
    <ClInclude Include="libs\imgui\misc\freetype\ftglyph.h">
      <Filter>Файлы заголовков</Filter>
    </ClInclude>
    <ClInclude Include="libs\imgui\misc\freetype\ftgxval.h">
      <Filter>Файлы заголовков</Filter>
    </ClInclude>
    <ClInclude Include="libs\imgui\misc\freetype\ftgzip.h">
      <Filter>Файлы заголовков</Filter>
    </ClInclude>
    <ClInclude Include="libs\imgui\misc\freetype\ftimage.h">
      <Filter>Файлы заголовков</Filter>
    </ClInclude>
    <ClInclude Include="libs\imgui\misc\freetype\ftincrem.h">
      <Filter>Файлы заголовков</Filter>
    </ClInclude>
    <ClInclude Include="libs\imgui\misc\freetype\ftlcdfil.h">
      <Filter>Файлы заголовков</Filter>
    </ClInclude>
    <ClInclude Include="libs\imgui\misc\freetype\ftlist.h">
      <Filter>Файлы заголовков</Filter>
    </ClInclude>
    <ClInclude Include="libs\imgui\misc\freetype\ftlogging.h">
      <Filter>Файлы заголовков</Filter>
    </ClInclude>
    <ClInclude Include="libs\imgui\misc\freetype\ftlzw.h">
      <Filter>Файлы заголовков</Filter>
    </ClInclude>
    <ClInclude Include="libs\imgui\misc\freetype\ftmac.h">
      <Filter>Файлы заголовков</Filter>
    </ClInclude>
    <ClInclude Include="libs\imgui\misc\freetype\ftmm.h">
      <Filter>Файлы заголовков</Filter>
    </ClInclude>
    <ClInclude Include="libs\imgui\misc\freetype\ftmodapi.h">
      <Filter>Файлы заголовков</Filter>
    </ClInclude>
    <ClInclude Include="libs\imgui\misc\freetype\ftmoderr.h">
      <Filter>Файлы заголовков</Filter>
    </ClInclude>
    <ClInclude Include="libs\imgui\misc\freetype\ftotval.h">
      <Filter>Файлы заголовков</Filter>
    </ClInclude>
    <ClInclude Include="libs\imgui\misc\freetype\ftoutln.h">
      <Filter>Файлы заголовков</Filter>
    </ClInclude>
    <ClInclude Include="libs\imgui\misc\freetype\ftparams.h">
      <Filter>Файлы заголовков</Filter>
    </ClInclude>
    <ClInclude Include="libs\imgui\misc\freetype\ftpfr.h">
      <Filter>Файлы заголовков</Filter>
    </ClInclude>
    <ClInclude Include="libs\imgui\misc\freetype\ftrender.h">
      <Filter>Файлы заголовков</Filter>
    </ClInclude>
    <ClInclude Include="libs\imgui\misc\freetype\ftsizes.h">
      <Filter>Файлы заголовков</Filter>
    </ClInclude>
    <ClInclude Include="libs\imgui\misc\freetype\ftsnames.h">
      <Filter>Файлы заголовков</Filter>
    </ClInclude>
    <ClInclude Include="libs\imgui\misc\freetype\ftstroke.h">
      <Filter>Файлы заголовков</Filter>
    </ClInclude>
    <ClInclude Include="libs\imgui\misc\freetype\ftsynth.h">
      <Filter>Файлы заголовков</Filter>
    </ClInclude>
    <ClInclude Include="libs\imgui\misc\freetype\ftsystem.h">
      <Filter>Файлы заголовков</Filter>
    </ClInclude>
    <ClInclude Include="libs\imgui\misc\freetype\fttrigon.h">
      <Filter>Файлы заголовков</Filter>
    </ClInclude>
    <ClInclude Include="libs\imgui\misc\freetype\fttypes.h">
      <Filter>Файлы заголовков</Filter>
    </ClInclude>
    <ClInclude Include="libs\imgui\misc\freetype\ftwinfnt.h">
      <Filter>Файлы заголовков</Filter>
    </ClInclude>
    <ClInclude Include="libs\imgui\misc\freetype\otsvg.h">
      <Filter>Файлы заголовков</Filter>
    </ClInclude>
    <ClInclude Include="libs\imgui\misc\freetype\t1tables.h">
      <Filter>Файлы заголовков</Filter>
    </ClInclude>
    <ClInclude Include="libs\imgui\misc\freetype\ttnameid.h">
      <Filter>Файлы заголовков</Filter>
    </ClInclude>
    <ClInclude Include="libs\imgui\misc\freetype\tttables.h">
      <Filter>Файлы заголовков</Filter>
    </ClInclude>
    <ClInclude Include="libs\imgui\misc\freetype\tttags.h">
      <Filter>Файлы заголовков</Filter>
    </ClInclude>
  </ItemGroup>
  <ItemGroup>
    <ClCompile Include="main.cpp">
      <Filter>Исходные файлы</Filter>
    </ClCompile>
    <ClCompile Include="ChatImGui.cpp">
      <Filter>Исходные файлы</Filter>
    </ClCompile>
    <ClCompile Include="libs\imgui\imgui.cpp">
      <Filter>Исходные файлы</Filter>
    </ClCompile>
    <ClCompile Include="libs\imgui\imgui_draw.cpp">
      <Filter>Исходные файлы</Filter>
    </ClCompile>
    <ClCompile Include="libs\imgui\imgui_impl_dx9.cpp">
      <Filter>Исходные файлы</Filter>
    </ClCompile>
    <ClCompile Include="libs\imgui\imgui_impl_win32.cpp">
      <Filter>Исходные файлы</Filter>
    </ClCompile>
    <ClCompile Include="libs\imgui\imgui_tables.cpp">
      <Filter>Исходные файлы</Filter>
    </ClCompile>
    <ClCompile Include="libs\imgui\imgui_widgets.cpp">
      <Filter>Исходные файлы</Filter>
    </ClCompile>
    <ClCompile Include="libs\hde\hde32.c">
      <Filter>Исходные файлы</Filter>
    </ClCompile>
    <ClCompile Include="libs\hde\hde64.c">
      <Filter>Исходные файлы</Filter>
    </ClCompile>
    <ClCompile Include="libs\imgui\misc\freetype\imgui_freetype.cpp">
      <Filter>Исходные файлы</Filter>
    </ClCompile>
  </ItemGroup>
  <ItemGroup>
    <Library Include="libs\imgui\misc\freetype\freetype.lib" />
  </ItemGroup>
</Project>